{
  "version": "0.2.0",
  "manifest_sha256": "748d1b5ac2c086b0552eb007ee440f6f262c0dfb666adf45dc57a16516b47cff",
  "files": {
    "kit/brand/apple-touch-icon.png": {
      "to": "public/brand/apple-touch-icon.png",
      "sha256": "e7f151c67b1705712e7ffb1146b1fbdc52dce9992c6f5d5230f05a58bcefc248"
    },
    "kit/brand/batondeck-inline-dark.svg": {
      "to": "public/brand/batondeck-inline-dark.svg",
      "sha256": "9ccfe16456bf9b67d03ba9cbbfec4726ef74a9864e45f827b13dd52e7c27b7c4"
    },
    "kit/brand/batondeck-inline.svg": {
      "to": "public/brand/batondeck-inline.svg",
      "sha256": "3b1e242ec20748733bba5435fad90d42bcaa99e76359c72be356f0b38872fbe9"
    },
    "kit/brand/favicon.svg": {
      "to": "public/brand/favicon.svg",
      "sha256": "6677ba53d28b8abfe7de78cc9b2bad1bd5ac9ecc8290c909f0000ae71d78d942"
    },
    "kit/brand/hdtp-gateway-inline-dark.svg": {
      "to": "public/brand/hdtp-gateway-inline-dark.svg",
      "sha256": "8bb7ea7d283b29236aeb54033e7fa5daaf78c499e977ca6436eb1c037c9aa2e4"
    },
    "kit/brand/hdtp-gateway-inline.svg": {
      "to": "public/brand/hdtp-gateway-inline.svg",
      "sha256": "93e3a08bbaa116f58ff29a1ae17bcc7cbcaa113211c7e91030489b6fc5886d06"
    },
    "kit/brand/hdtp-identity-inline-dark.svg": {
      "to": "public/brand/hdtp-identity-inline-dark.svg",
      "sha256": "ccc005cefecd9a95e42b96ae7ac593b8dce43ac3f300a772c4d91f8a1aeae41a"
    },
    "kit/brand/hdtp-identity-inline.svg": {
      "to": "public/brand/hdtp-identity-inline.svg",
      "sha256": "f6df3fb83eeb08c62d5dff6e0c19787ad7e3cb09134a992dcbef1299d4f244a1"
    },
    "kit/brand/hdtp-inline-dark.svg": {
      "to": "public/brand/hdtp-inline-dark.svg",
      "sha256": "c09e15d624e885281606e3978bc830ccb0ca7d2585a9248f1277882dd9a5a75d"
    },
    "kit/brand/hdtp-inline.svg": {
      "to": "public/brand/hdtp-inline.svg",
      "sha256": "45fbc60bf248a4f87a6e48711ce9e062895e8f19a9f9fc581281cdcc1932d3fa"
    },
    "kit/brand/mark.svg": {
      "to": "public/brand/mark.svg",
      "sha256": "f15565dc198a65daa964546470e04e26e6ecfdc9f207c1e4cada14a42e2500de"
    },
    "kit/fonts/OFL-bricolage-grotesque.txt": {
      "to": "public/fonts/OFL-bricolage-grotesque.txt",
      "sha256": "923f4ddf0fd39f9b7794ab0df7332f3d95dc43e8ad7ec2289d6d9e8491177f51"
    },
    "kit/fonts/OFL-inter.txt": {
      "to": "public/fonts/OFL-inter.txt",
      "sha256": "ff8d6de2d53d50b0c7e80355a40d6a8388e5c2f4d53d528da936257eb102a5a3"
    },
    "kit/fonts/OFL-jetbrains-mono.txt": {
      "to": "public/fonts/OFL-jetbrains-mono.txt",
      "sha256": "bb1c26eb6fe1839e3759548777c8a35b9495ce4878a4b833b1b63d43ff313a4b"
    },
    "kit/fonts/bricolage-grotesque-latin-wght.woff2": {
      "to": "public/fonts/bricolage-grotesque-latin-wght.woff2",
      "sha256": "a97804dc9fbe5fc972a08018c5eda4dab7ef2346f64c57e61419d05e6de4ea1c"
    },
    "kit/fonts/inter-latin-wght.woff2": {
      "to": "public/fonts/inter-latin-wght.woff2",
      "sha256": "3100e775e8616cd2611beecfa23a4263d7037586789b43f035236a2e6fbd4c62"
    },
    "kit/fonts/jbmono-latin-400.woff2": {
      "to": "public/fonts/jbmono-latin-400.woff2",
      "sha256": "14425ba9c695763c1547f48a206b7aa60350a33ae23de09f0407877f3fcd89eb"
    },
    "kit/fonts/jbmono-latin-500.woff2": {
      "to": "public/fonts/jbmono-latin-500.woff2",
      "sha256": "cb182feeed4d798ff6961d3c79f7026279448fca0676438aaecb21f3fc39553a"
    },
    "kit/styles.css": {
      "to": "kit/styles.css",
      "sha256": "1b9c2f486e5051e64305f0b585f96d97fffadf2ca4ca73d16622b14d93a8f424"
    }
  }
}
